
Microsoft Visual Studio Solution File, Format Version 12.00
Project("{FAE04EC0-301F-11D3-BF4B-00C04F79EFBC}") = "WebApp", "WebApp\WebApp.csproj", "{1AFED73A-E563-4277-87EA-790041E897D4}"
EndProject
Project("{2150E333-8FDC-42A3-9474-1A3956D46DE8}") = "SolutionScripts", "SolutionScripts", "{D9F6EADE-4806-43D5-A0F8-2F64836AAA8E}"
	ProjectSection(SolutionItems) = preProject
		Directory.Build.props = Directory.Build.props
		README.md = README.md
	EndProjectSection
EndProject
Project("{2150E333-8FDC-42A3-9474-1A3956D46DE8}") = "Base", "Base", "{27C8BD0E-A082-48C1-B837-267F136F34A5}"
EndProject
Project("{FAE04EC0-301F-11D3-BF4B-00C04F79EFBC}") = "Base.Contracts.Domain", "Base.Contracts.Domain\Base.Contracts.Domain.csproj", "{938D04A4-878A-4867-BD4E-B9252448069F}"
EndProject
Project("{2150E333-8FDC-42A3-9474-1A3956D46DE8}") = "Base.Contracts", "Base.Contracts", "{4C05C3A8-7EBC-48F4-8597-9CBC7104AC49}"
EndProject
Project("{FAE04EC0-301F-11D3-BF4B-00C04F79EFBC}") = "Base.Domain", "Base.Domain\Base.Domain.csproj", "{20D89064-C63B-4E70-B998-F690B0E8E22B}"
EndProject
Project("{2150E333-8FDC-42A3-9474-1A3956D46DE8}") = "App", "App", "{2277BF3C-D552-43D6-B21C-DA628123B789}"
EndProject
Project("{FAE04EC0-301F-11D3-BF4B-00C04F79EFBC}") = "App.Domain", "App.Domain\App.Domain.csproj", "{4423DCD8-79AD-422F-AD18-0AC9DF71D188}"
EndProject
Project("{FAE04EC0-301F-11D3-BF4B-00C04F79EFBC}") = "App.DAL.EF", "App.DAL.EF\App.DAL.EF.csproj", "{1EDB4C34-57AB-4DEF-A810-01766F0C447B}"
EndProject
Global
	GlobalSection(SolutionConfigurationPlatforms) = preSolution
		Debug|Any CPU = Debug|Any CPU
		Release|Any CPU = Release|Any CPU
	EndGlobalSection
	GlobalSection(ProjectConfigurationPlatforms) = postSolution
		{1AFED73A-E563-4277-87EA-790041E897D4}.Debug|Any CPU.ActiveCfg = Debug|Any CPU
		{1AFED73A-E563-4277-87EA-790041E897D4}.Debug|Any CPU.Build.0 = Debug|Any CPU
		{1AFED73A-E563-4277-87EA-790041E897D4}.Release|Any CPU.ActiveCfg = Release|Any CPU
		{1AFED73A-E563-4277-87EA-790041E897D4}.Release|Any CPU.Build.0 = Release|Any CPU
		{938D04A4-878A-4867-BD4E-B9252448069F}.Debug|Any CPU.ActiveCfg = Debug|Any CPU
		{938D04A4-878A-4867-BD4E-B9252448069F}.Debug|Any CPU.Build.0 = Debug|Any CPU
		{938D04A4-878A-4867-BD4E-B9252448069F}.Release|Any CPU.ActiveCfg = Release|Any CPU
		{938D04A4-878A-4867-BD4E-B9252448069F}.Release|Any CPU.Build.0 = Release|Any CPU
		{20D89064-C63B-4E70-B998-F690B0E8E22B}.Debug|Any CPU.ActiveCfg = Debug|Any CPU
		{20D89064-C63B-4E70-B998-F690B0E8E22B}.Debug|Any CPU.Build.0 = Debug|Any CPU
		{20D89064-C63B-4E70-B998-F690B0E8E22B}.Release|Any CPU.ActiveCfg = Release|Any CPU
		{20D89064-C63B-4E70-B998-F690B0E8E22B}.Release|Any CPU.Build.0 = Release|Any CPU
		{4423DCD8-79AD-422F-AD18-0AC9DF71D188}.Debug|Any CPU.ActiveCfg = Debug|Any CPU
		{4423DCD8-79AD-422F-AD18-0AC9DF71D188}.Debug|Any CPU.Build.0 = Debug|Any CPU
		{4423DCD8-79AD-422F-AD18-0AC9DF71D188}.Release|Any CPU.ActiveCfg = Release|Any CPU
		{4423DCD8-79AD-422F-AD18-0AC9DF71D188}.Release|Any CPU.Build.0 = Release|Any CPU
		{1EDB4C34-57AB-4DEF-A810-01766F0C447B}.Debug|Any CPU.ActiveCfg = Debug|Any CPU
		{1EDB4C34-57AB-4DEF-A810-01766F0C447B}.Debug|Any CPU.Build.0 = Debug|Any CPU
		{1EDB4C34-57AB-4DEF-A810-01766F0C447B}.Release|Any CPU.ActiveCfg = Release|Any CPU
		{1EDB4C34-57AB-4DEF-A810-01766F0C447B}.Release|Any CPU.Build.0 = Release|Any CPU
	EndGlobalSection
	GlobalSection(NestedProjects) = preSolution
		{938D04A4-878A-4867-BD4E-B9252448069F} = {4C05C3A8-7EBC-48F4-8597-9CBC7104AC49}
		{20D89064-C63B-4E70-B998-F690B0E8E22B} = {27C8BD0E-A082-48C1-B837-267F136F34A5}
		{1AFED73A-E563-4277-87EA-790041E897D4} = {2277BF3C-D552-43D6-B21C-DA628123B789}
		{4423DCD8-79AD-422F-AD18-0AC9DF71D188} = {2277BF3C-D552-43D6-B21C-DA628123B789}
		{1EDB4C34-57AB-4DEF-A810-01766F0C447B} = {2277BF3C-D552-43D6-B21C-DA628123B789}
	EndGlobalSection
EndGlobal
