
Microsoft Visual Studio Solution File, Format Version 12.00
Project("{FAE04EC0-301F-11D3-BF4B-00C04F79EFBC}") = "WebApp", "WebApp\WebApp.csproj", "{2498D1AF-8F8A-43D7-9821-6BE576ABA216}"
EndProject
Project("{FAE04EC0-301F-11D3-BF4B-00C04F79EFBC}") = "Base.Contracts.Domain", "Base.Contracts.Domain\Base.Contracts.Domain.csproj", "{D38D3FDD-F497-4779-BF85-E019EB267D8A}"
EndProject
Project("{FAE04EC0-301F-11D3-BF4B-00C04F79EFBC}") = "Base.Domain", "Base.Domain\Base.Domain.csproj", "{6EE7BE0B-28EB-4905-85EF-C75224801C9D}"
EndProject
Project("{FAE04EC0-301F-11D3-BF4B-00C04F79EFBC}") = "App.Domain", "App.Domain\App.Domain.csproj", "{C6780E46-E351-46E0-ADF9-5FC2BA226C01}"
EndProject
Project("{FAE04EC0-301F-11D3-BF4B-00C04F79EFBC}") = "App.DAL.EF", "App.DAL.EF\App.DAL.EF.csproj", "{8DD35601-9294-43E2-ABC2-FAD521419D5B}"
EndProject
Project("{2150E333-8FDC-42A3-9474-1A3956D46DE8}") = "Solution Items", "Solution Items", "{5268D117-3C91-4091-ABA2-D78C6BB04A58}"
	ProjectSection(SolutionItems) = preProject
		README.md = README.md
		docker-compose.yml = docker-compose.yml
	EndProjectSection
EndProject
Project("{2150E333-8FDC-42A3-9474-1A3956D46DE8}") = "App", "App", "{BA2C49E6-4655-4701-987B-C6F460E09B8F}"
EndProject
Project("{2150E333-8FDC-42A3-9474-1A3956D46DE8}") = "Base", "Base", "{F8CA740C-FDED-4F14-A937-59CF2D8167AE}"
EndProject
Project("{2150E333-8FDC-42A3-9474-1A3956D46DE8}") = "Base.Contracts", "Base.Contracts", "{A26816C7-4FF1-40B7-9D03-2827DB0110C4}"
EndProject
Project("{FAE04EC0-301F-11D3-BF4B-00C04F79EFBC}") = "App.Contracts.DAL", "App.Contracts.DAL\App.Contracts.DAL.csproj", "{6BC780E1-5184-43B1-A620-212F7327472B}"
EndProject
Project("{FAE04EC0-301F-11D3-BF4B-00C04F79EFBC}") = "Base.Contracts.DAL", "Base.Contracts.DAL\Base.Contracts.DAL.csproj", "{36B11E6C-FD4D-4FE9-A4DF-2A6A977A8CB4}"
EndProject
Project("{FAE04EC0-301F-11D3-BF4B-00C04F79EFBC}") = "Base.DAL.EF", "Base.DAL.EF\Base.DAL.EF.csproj", "{BDFF00B1-80B3-4C61-90BE-17584E882DB5}"
EndProject
Project("{FAE04EC0-301F-11D3-BF4B-00C04F79EFBC}") = "Base.Extensions", "Base.Extensions\Base.Extensions.csproj", "{573FEECC-5828-4E32-B41D-8529EA6A7D17}"
EndProject
Project("{FAE04EC0-301F-11D3-BF4B-00C04F79EFBC}") = "Base.Contracts.Base", "Base.Contracts.Base\Base.Contracts.Base.csproj", "{05675645-2A5C-426B-B59C-670D2899A19B}"
EndProject
Project("{FAE04EC0-301F-11D3-BF4B-00C04F79EFBC}") = "Base.Contracts.BLL", "Base.Contracts.BLL\Base.Contracts.BLL.csproj", "{A3474EED-9084-41EF-96F8-354E9EBC2C0D}"
EndProject
Project("{FAE04EC0-301F-11D3-BF4B-00C04F79EFBC}") = "Base.BLL", "Base.BLL\Base.BLL.csproj", "{5306A6D5-0B33-45CF-B7D3-682269590698}"
EndProject
Project("{FAE04EC0-301F-11D3-BF4B-00C04F79EFBC}") = "Base.DAL", "Base.DAL\Base.DAL.csproj", "{42DA13C1-FF26-4040-BB5E-D26C274BCE03}"
EndProject
Project("{FAE04EC0-301F-11D3-BF4B-00C04F79EFBC}") = "App.BLL", "App.BLL\App.BLL.csproj", "{2164E13E-71B2-4FF7-AE8B-0FAF3FFD5258}"
EndProject
Project("{FAE04EC0-301F-11D3-BF4B-00C04F79EFBC}") = "App.BLL.DTO", "App.BLL.DTO\App.BLL.DTO.csproj", "{BD0223A5-6208-4472-A30D-8EC1382B9A6F}"
EndProject
Project("{FAE04EC0-301F-11D3-BF4B-00C04F79EFBC}") = "App.Contracts.BLL", "App.Contracts.BLL\App.Contracts.BLL.csproj", "{CA7D6ABB-9B33-4FDC-866C-AC755C777F39}"
EndProject
Project("{FAE04EC0-301F-11D3-BF4B-00C04F79EFBC}") = "App.DAL.DTO", "App.DAL.DTO\App.DAL.DTO.csproj", "{18718628-F1AB-4C2B-9179-AC777CDC93BF}"
EndProject
Global
	GlobalSection(SolutionConfigurationPlatforms) = preSolution
		Debug|Any CPU = Debug|Any CPU
		Release|Any CPU = Release|Any CPU
	EndGlobalSection
	GlobalSection(ProjectConfigurationPlatforms) = postSolution
		{2498D1AF-8F8A-43D7-9821-6BE576ABA216}.Debug|Any CPU.ActiveCfg = Debug|Any CPU
		{2498D1AF-8F8A-43D7-9821-6BE576ABA216}.Debug|Any CPU.Build.0 = Debug|Any CPU
		{2498D1AF-8F8A-43D7-9821-6BE576ABA216}.Release|Any CPU.ActiveCfg = Release|Any CPU
		{2498D1AF-8F8A-43D7-9821-6BE576ABA216}.Release|Any CPU.Build.0 = Release|Any CPU
		{D38D3FDD-F497-4779-BF85-E019EB267D8A}.Debug|Any CPU.ActiveCfg = Debug|Any CPU
		{D38D3FDD-F497-4779-BF85-E019EB267D8A}.Debug|Any CPU.Build.0 = Debug|Any CPU
		{D38D3FDD-F497-4779-BF85-E019EB267D8A}.Release|Any CPU.ActiveCfg = Release|Any CPU
		{D38D3FDD-F497-4779-BF85-E019EB267D8A}.Release|Any CPU.Build.0 = Release|Any CPU
		{6EE7BE0B-28EB-4905-85EF-C75224801C9D}.Debug|Any CPU.ActiveCfg = Debug|Any CPU
		{6EE7BE0B-28EB-4905-85EF-C75224801C9D}.Debug|Any CPU.Build.0 = Debug|Any CPU
		{6EE7BE0B-28EB-4905-85EF-C75224801C9D}.Release|Any CPU.ActiveCfg = Release|Any CPU
		{6EE7BE0B-28EB-4905-85EF-C75224801C9D}.Release|Any CPU.Build.0 = Release|Any CPU
		{C6780E46-E351-46E0-ADF9-5FC2BA226C01}.Debug|Any CPU.ActiveCfg = Debug|Any CPU
		{C6780E46-E351-46E0-ADF9-5FC2BA226C01}.Debug|Any CPU.Build.0 = Debug|Any CPU
		{C6780E46-E351-46E0-ADF9-5FC2BA226C01}.Release|Any CPU.ActiveCfg = Release|Any CPU
		{C6780E46-E351-46E0-ADF9-5FC2BA226C01}.Release|Any CPU.Build.0 = Release|Any CPU
		{8DD35601-9294-43E2-ABC2-FAD521419D5B}.Debug|Any CPU.ActiveCfg = Debug|Any CPU
		{8DD35601-9294-43E2-ABC2-FAD521419D5B}.Debug|Any CPU.Build.0 = Debug|Any CPU
		{8DD35601-9294-43E2-ABC2-FAD521419D5B}.Release|Any CPU.ActiveCfg = Release|Any CPU
		{8DD35601-9294-43E2-ABC2-FAD521419D5B}.Release|Any CPU.Build.0 = Release|Any CPU
		{6BC780E1-5184-43B1-A620-212F7327472B}.Debug|Any CPU.ActiveCfg = Debug|Any CPU
		{6BC780E1-5184-43B1-A620-212F7327472B}.Debug|Any CPU.Build.0 = Debug|Any CPU
		{6BC780E1-5184-43B1-A620-212F7327472B}.Release|Any CPU.ActiveCfg = Release|Any CPU
		{6BC780E1-5184-43B1-A620-212F7327472B}.Release|Any CPU.Build.0 = Release|Any CPU
		{36B11E6C-FD4D-4FE9-A4DF-2A6A977A8CB4}.Debug|Any CPU.ActiveCfg = Debug|Any CPU
		{36B11E6C-FD4D-4FE9-A4DF-2A6A977A8CB4}.Debug|Any CPU.Build.0 = Debug|Any CPU
		{36B11E6C-FD4D-4FE9-A4DF-2A6A977A8CB4}.Release|Any CPU.ActiveCfg = Release|Any CPU
		{36B11E6C-FD4D-4FE9-A4DF-2A6A977A8CB4}.Release|Any CPU.Build.0 = Release|Any CPU
		{BDFF00B1-80B3-4C61-90BE-17584E882DB5}.Debug|Any CPU.ActiveCfg = Debug|Any CPU
		{BDFF00B1-80B3-4C61-90BE-17584E882DB5}.Debug|Any CPU.Build.0 = Debug|Any CPU
		{BDFF00B1-80B3-4C61-90BE-17584E882DB5}.Release|Any CPU.ActiveCfg = Release|Any CPU
		{BDFF00B1-80B3-4C61-90BE-17584E882DB5}.Release|Any CPU.Build.0 = Release|Any CPU
		{573FEECC-5828-4E32-B41D-8529EA6A7D17}.Debug|Any CPU.ActiveCfg = Debug|Any CPU
		{573FEECC-5828-4E32-B41D-8529EA6A7D17}.Debug|Any CPU.Build.0 = Debug|Any CPU
		{573FEECC-5828-4E32-B41D-8529EA6A7D17}.Release|Any CPU.ActiveCfg = Release|Any CPU
		{573FEECC-5828-4E32-B41D-8529EA6A7D17}.Release|Any CPU.Build.0 = Release|Any CPU
		{05675645-2A5C-426B-B59C-670D2899A19B}.Debug|Any CPU.ActiveCfg = Debug|Any CPU
		{05675645-2A5C-426B-B59C-670D2899A19B}.Debug|Any CPU.Build.0 = Debug|Any CPU
		{05675645-2A5C-426B-B59C-670D2899A19B}.Release|Any CPU.ActiveCfg = Release|Any CPU
		{05675645-2A5C-426B-B59C-670D2899A19B}.Release|Any CPU.Build.0 = Release|Any CPU
		{A3474EED-9084-41EF-96F8-354E9EBC2C0D}.Debug|Any CPU.ActiveCfg = Debug|Any CPU
		{A3474EED-9084-41EF-96F8-354E9EBC2C0D}.Debug|Any CPU.Build.0 = Debug|Any CPU
		{A3474EED-9084-41EF-96F8-354E9EBC2C0D}.Release|Any CPU.ActiveCfg = Release|Any CPU
		{A3474EED-9084-41EF-96F8-354E9EBC2C0D}.Release|Any CPU.Build.0 = Release|Any CPU
		{5306A6D5-0B33-45CF-B7D3-682269590698}.Debug|Any CPU.ActiveCfg = Debug|Any CPU
		{5306A6D5-0B33-45CF-B7D3-682269590698}.Debug|Any CPU.Build.0 = Debug|Any CPU
		{5306A6D5-0B33-45CF-B7D3-682269590698}.Release|Any CPU.ActiveCfg = Release|Any CPU
		{5306A6D5-0B33-45CF-B7D3-682269590698}.Release|Any CPU.Build.0 = Release|Any CPU
		{42DA13C1-FF26-4040-BB5E-D26C274BCE03}.Debug|Any CPU.ActiveCfg = Debug|Any CPU
		{42DA13C1-FF26-4040-BB5E-D26C274BCE03}.Debug|Any CPU.Build.0 = Debug|Any CPU
		{42DA13C1-FF26-4040-BB5E-D26C274BCE03}.Release|Any CPU.ActiveCfg = Release|Any CPU
		{42DA13C1-FF26-4040-BB5E-D26C274BCE03}.Release|Any CPU.Build.0 = Release|Any CPU
		{2164E13E-71B2-4FF7-AE8B-0FAF3FFD5258}.Debug|Any CPU.ActiveCfg = Debug|Any CPU
		{2164E13E-71B2-4FF7-AE8B-0FAF3FFD5258}.Debug|Any CPU.Build.0 = Debug|Any CPU
		{2164E13E-71B2-4FF7-AE8B-0FAF3FFD5258}.Release|Any CPU.ActiveCfg = Release|Any CPU
		{2164E13E-71B2-4FF7-AE8B-0FAF3FFD5258}.Release|Any CPU.Build.0 = Release|Any CPU
		{BD0223A5-6208-4472-A30D-8EC1382B9A6F}.Debug|Any CPU.ActiveCfg = Debug|Any CPU
		{BD0223A5-6208-4472-A30D-8EC1382B9A6F}.Debug|Any CPU.Build.0 = Debug|Any CPU
		{BD0223A5-6208-4472-A30D-8EC1382B9A6F}.Release|Any CPU.ActiveCfg = Release|Any CPU
		{BD0223A5-6208-4472-A30D-8EC1382B9A6F}.Release|Any CPU.Build.0 = Release|Any CPU
		{CA7D6ABB-9B33-4FDC-866C-AC755C777F39}.Debug|Any CPU.ActiveCfg = Debug|Any CPU
		{CA7D6ABB-9B33-4FDC-866C-AC755C777F39}.Debug|Any CPU.Build.0 = Debug|Any CPU
		{CA7D6ABB-9B33-4FDC-866C-AC755C777F39}.Release|Any CPU.ActiveCfg = Release|Any CPU
		{CA7D6ABB-9B33-4FDC-866C-AC755C777F39}.Release|Any CPU.Build.0 = Release|Any CPU
		{18718628-F1AB-4C2B-9179-AC777CDC93BF}.Debug|Any CPU.ActiveCfg = Debug|Any CPU
		{18718628-F1AB-4C2B-9179-AC777CDC93BF}.Debug|Any CPU.Build.0 = Debug|Any CPU
		{18718628-F1AB-4C2B-9179-AC777CDC93BF}.Release|Any CPU.ActiveCfg = Release|Any CPU
		{18718628-F1AB-4C2B-9179-AC777CDC93BF}.Release|Any CPU.Build.0 = Release|Any CPU
	EndGlobalSection
	GlobalSection(NestedProjects) = preSolution
		{8DD35601-9294-43E2-ABC2-FAD521419D5B} = {BA2C49E6-4655-4701-987B-C6F460E09B8F}
		{C6780E46-E351-46E0-ADF9-5FC2BA226C01} = {BA2C49E6-4655-4701-987B-C6F460E09B8F}
		{2498D1AF-8F8A-43D7-9821-6BE576ABA216} = {BA2C49E6-4655-4701-987B-C6F460E09B8F}
		{D38D3FDD-F497-4779-BF85-E019EB267D8A} = {A26816C7-4FF1-40B7-9D03-2827DB0110C4}
		{6EE7BE0B-28EB-4905-85EF-C75224801C9D} = {F8CA740C-FDED-4F14-A937-59CF2D8167AE}
		{6BC780E1-5184-43B1-A620-212F7327472B} = {BA2C49E6-4655-4701-987B-C6F460E09B8F}
		{36B11E6C-FD4D-4FE9-A4DF-2A6A977A8CB4} = {A26816C7-4FF1-40B7-9D03-2827DB0110C4}
		{BDFF00B1-80B3-4C61-90BE-17584E882DB5} = {F8CA740C-FDED-4F14-A937-59CF2D8167AE}
		{573FEECC-5828-4E32-B41D-8529EA6A7D17} = {F8CA740C-FDED-4F14-A937-59CF2D8167AE}
		{05675645-2A5C-426B-B59C-670D2899A19B} = {A26816C7-4FF1-40B7-9D03-2827DB0110C4}
		{A3474EED-9084-41EF-96F8-354E9EBC2C0D} = {A26816C7-4FF1-40B7-9D03-2827DB0110C4}
		{5306A6D5-0B33-45CF-B7D3-682269590698} = {F8CA740C-FDED-4F14-A937-59CF2D8167AE}
		{42DA13C1-FF26-4040-BB5E-D26C274BCE03} = {F8CA740C-FDED-4F14-A937-59CF2D8167AE}
		{2164E13E-71B2-4FF7-AE8B-0FAF3FFD5258} = {BA2C49E6-4655-4701-987B-C6F460E09B8F}
		{BD0223A5-6208-4472-A30D-8EC1382B9A6F} = {BA2C49E6-4655-4701-987B-C6F460E09B8F}
		{CA7D6ABB-9B33-4FDC-866C-AC755C777F39} = {BA2C49E6-4655-4701-987B-C6F460E09B8F}
		{18718628-F1AB-4C2B-9179-AC777CDC93BF} = {BA2C49E6-4655-4701-987B-C6F460E09B8F}
	EndGlobalSection
EndGlobal
